
Microsoft Visual Studio Solution File, Format Version 12.00
# Visual Studio Version 17
VisualStudioVersion = 17.6.33815.320
MinimumVisualStudioVersion = 10.0.40219.1
Project("{FAE04EC0-301F-11D3-BF4B-00C04F79EFBC}") = "Walking the InheritanceHierarchy", "Walking the InheritanceHierarchy\Walking the InheritanceHierarchy.csproj", "{8E015EC9-F232-489B-8F6B-218D1C537F05}"
EndProject
Global
	GlobalSection(SolutionConfigurationPlatforms) = preSolution
		Debug|Any CPU = Debug|Any CPU
		Release|Any CPU = Release|Any CPU
	EndGlobalSection
	GlobalSection(ProjectConfigurationPlatforms) = postSolution
		{8E015EC9-F232-489B-8F6B-218D1C537F05}.Debug|Any CPU.ActiveCfg = Debug|Any CPU
		{8E015EC9-F232-489B-8F6B-218D1C537F05}.Debug|Any CPU.Build.0 = Debug|Any CPU
		{8E015EC9-F232-489B-8F6B-218D1C537F05}.Release|Any CPU.ActiveCfg = Release|Any CPU
		{8E015EC9-F232-489B-8F6B-218D1C537F05}.Release|Any CPU.Build.0 = Release|Any CPU
	EndGlobalSection
	GlobalSection(SolutionProperties) = preSolution
		HideSolutionNode = FALSE
	EndGlobalSection
	GlobalSection(ExtensibilityGlobals) = postSolution
		SolutionGuid = {FF1D5630-6A94-420C-A296-D791362D2B8B}
	EndGlobalSection
EndGlobal
